// !$*UTF8*$!
{
	archiveVersion = 1;
	classes = {
	};
	objectVersion = 56;
	objects = {

/* Begin PBXBuildFile section */
		E5B161B02A87EFFB00BF3C93 /* _0ProjectsApp.swift in Sources */ = {isa = PBXBuildFile; fileRef = E5B161AF2A87EFFB00BF3C93 /* _0ProjectsApp.swift */; };
		E5B161B22A87EFFB00BF3C93 /* ContentView.swift in Sources */ = {isa = PBXBuildFile; fileRef = E5B161B12A87EFFB00BF3C93 /* ContentView.swift */; };
		E5B161B42A87EFFE00BF3C93 /* Assets.xcassets in Resources */ = {isa = PBXBuildFile; fileRef = E5B161B32A87EFFE00BF3C93 /* Assets.xcassets */; };
		E5B161B72A87EFFE00BF3C93 /* Preview Assets.xcassets in Resources */ = {isa = PBXBuildFile; fileRef = E5B161B62A87EFFE00BF3C93 /* Preview Assets.xcassets */; };
		E5B161C72A87F01100BF3C93 /* Course.swift in Sources */ = {isa = PBXBuildFile; fileRef = E5B161BF2A87F01100BF3C93 /* Course.swift */; };
		E5B161C82A87F01100BF3C93 /* SideBar.swift in Sources */ = {isa = PBXBuildFile; fileRef = E5B161C02A87F01100BF3C93 /* SideBar.swift */; };
		E5B161C92A87F01100BF3C93 /* WeatherData.swift in Sources */ = {isa = PBXBuildFile; fileRef = E5B161C42A87F01100BF3C93 /* WeatherData.swift */; };
		E5B161CA2A87F01100BF3C93 /* WeatherView.swift in Sources */ = {isa = PBXBuildFile; fileRef = E5B161C62A87F01100BF3C93 /* WeatherView.swift */; };
/* End PBXBuildFile section */

/* Begin PBXFileReference section */
		E5B161AC2A87EFFB00BF3C93 /* 30Projects.app */ = {isa = PBXFileReference; explicitFileType = wrapper.application; includeInIndex = 0; path = 30Projects.app; sourceTree = BUILT_PRODUCTS_DIR; };
		E5B161AF2A87EFFB00BF3C93 /* _0ProjectsApp.swift */ = {isa = PBXFileReference; lastKnownFileType = sourcecode.swift; path = _0ProjectsApp.swift; sourceTree = "<group>"; };
		E5B161B12A87EFFB00BF3C93 /* ContentView.swift */ = {isa = PBXFileReference; lastKnownFileType = sourcecode.swift; path = ContentView.swift; sourceTree = "<group>"; };
		E5B161B32A87EFFE00BF3C93 /* Assets.xcassets */ = {isa = PBXFileReference; lastKnownFileType = folder.assetcatalog; path = Assets.xcassets; sourceTree = "<group>"; };
		E5B161B62A87EFFE00BF3C93 /* Preview Assets.xcassets */ = {isa = PBXFileReference; lastKnownFileType = folder.assetcatalog; path = "Preview Assets.xcassets"; sourceTree = "<group>"; };
		E5B161BF2A87F01100BF3C93 /* Course.swift */ = {isa = PBXFileReference; fileEncoding = 4; lastKnownFileType = sourcecode.swift; path = Course.swift; sourceTree = "<group>"; };
		E5B161C02A87F01100BF3C93 /* SideBar.swift */ = {isa = PBXFileReference; fileEncoding = 4; lastKnownFileType = sourcecode.swift; path = SideBar.swift; sourceTree = "<group>"; };
		E5B161C42A87F01100BF3C93 /* WeatherData.swift */ = {isa = PBXFileReference; fileEncoding = 4; lastKnownFileType = sourcecode.swift; path = WeatherData.swift; sourceTree = "<group>"; };
		E5B161C62A87F01100BF3C93 /* WeatherView.swift */ = {isa = PBXFileReference; fileEncoding = 4; lastKnownFileType = sourcecode.swift; path = WeatherView.swift; sourceTree = "<group>"; };
		E5B161CB2A87F0FD00BF3C93 /* -0Projects-Info.plist */ = {isa = PBXFileReference; lastKnownFileType = text.plist; path = "-0Projects-Info.plist"; sourceTree = SOURCE_ROOT; };
/* End PBXFileReference section */

/* Begin PBXFrameworksBuildPhase section */
		E5B161A92A87EFFB00BF3C93 /* Frameworks */ = {
			isa = PBXFrameworksBuildPhase;
			buildActionMask = 2147483647;
			files = (
			);
			runOnlyForDeploymentPostprocessing = 0;
		};
/* End PBXFrameworksBuildPhase section */

/* Begin PBXGroup section */
		E5B161A32A87EFFB00BF3C93 = {
			isa = PBXGroup;
			children = (
				E5B161AE2A87EFFB00BF3C93 /* 30Projects */,
				E5B161AD2A87EFFB00BF3C93 /* Products */,
			);
			sourceTree = "<group>";
		};
		E5B161AD2A87EFFB00BF3C93 /* Products */ = {
			isa = PBXGroup;
			children = (
				E5B161AC2A87EFFB00BF3C93 /* 30Projects.app */,
			);
			name = Products;
			sourceTree = "<group>";
		};
		E5B161AE2A87EFFB00BF3C93 /* 30Projects */ = {
			isa = PBXGroup;
			children = (
				E5B161CB2A87F0FD00BF3C93 /* -0Projects-Info.plist */,
				E5B161AF2A87EFFB00BF3C93 /* _0ProjectsApp.swift */,
				E5B161B12A87EFFB00BF3C93 /* ContentView.swift */,
				E5B161BD2A87F01100BF3C93 /* Main */,
				E5B161C12A87F01100BF3C93 /* Project-1 */,
				E5B161B32A87EFFE00BF3C93 /* Assets.xcassets */,
				E5B161B52A87EFFE00BF3C93 /* Preview Content */,
			);
			path = 30Projects;
			sourceTree = "<group>";
		};
		E5B161B52A87EFFE00BF3C93 /* Preview Content */ = {
			isa = PBXGroup;
			children = (
				E5B161B62A87EFFE00BF3C93 /* Preview Assets.xcassets */,
			);
			path = "Preview Content";
			sourceTree = "<group>";
		};
		E5B161BD2A87F01100BF3C93 /* Main */ = {
			isa = PBXGroup;
			children = (
				E5B161BE2A87F01100BF3C93 /* ViewModel */,
				E5B161C02A87F01100BF3C93 /* SideBar.swift */,
			);
			path = Main;
			sourceTree = "<group>";
		};
		E5B161BE2A87F01100BF3C93 /* ViewModel */ = {
			isa = PBXGroup;
			children = (
				E5B161BF2A87F01100BF3C93 /* Course.swift */,
			);
			path = ViewModel;
			sourceTree = "<group>";
		};
		E5B161C12A87F01100BF3C93 /* Project-1 */ = {
			isa = PBXGroup;
			children = (
				E5B161C22A87F01100BF3C93 /* WeatherApp */,
			);
			path = "Project-1";
			sourceTree = "<group>";
		};
		E5B161C22A87F01100BF3C93 /* WeatherApp */ = {
			isa = PBXGroup;
			children = (
				E5B161C32A87F01100BF3C93 /* ViewModel */,
				E5B161C52A87F01100BF3C93 /* Views */,
			);
			path = WeatherApp;
			sourceTree = "<group>";
		};
		E5B161C32A87F01100BF3C93 /* ViewModel */ = {
			isa = PBXGroup;
			children = (
				E5B161C42A87F01100BF3C93 /* WeatherData.swift */,
			);
			path = ViewModel;
			sourceTree = "<group>";
		};
		E5B161C52A87F01100BF3C93 /* Views */ = {
			isa = PBXGroup;
			children = (
				E5B161C62A87F01100BF3C93 /* WeatherView.swift */,
			);
			path = Views;
			sourceTree = "<group>";
		};
/* End PBXGroup section */

/* Begin PBXNativeTarget section */
		E5B161AB2A87EFFB00BF3C93 /* 30Projects */ = {
			isa = PBXNativeTarget;
			buildConfigurationList = E5B161BA2A87EFFE00BF3C93 /* Build configuration list for PBXNativeTarget "30Projects" */;
			buildPhases = (
				E5B161A82A87EFFB00BF3C93 /* Sources */,
				E5B161A92A87EFFB00BF3C93 /* Frameworks */,
				E5B161AA2A87EFFB00BF3C93 /* Resources */,
			);
			buildRules = (
			);
			dependencies = (
			);
			name = 30Projects;
			productName = 30Projects;
			productReference = E5B161AC2A87EFFB00BF3C93 /* 30Projects.app */;
			productType = "com.apple.product-type.application";
		};
/* End PBXNativeTarget section */

/* Begin PBXProject section */
		E5B161A42A87EFFB00BF3C93 /* Project object */ = {
			isa = PBXProject;
			attributes = {
				BuildIndependentTargetsInParallel = 1;
				LastSwiftUpdateCheck = 1430;
				LastUpgradeCheck = 1430;
				TargetAttributes = {
					E5B161AB2A87EFFB00BF3C93 = {
						CreatedOnToolsVersion = 14.3.1;
					};
				};
			};
			buildConfigurationList = E5B161A72A87EFFB00BF3C93 /* Build configuration list for PBXProject "30Projects" */;
			compatibilityVersion = "Xcode 14.0";
			developmentRegion = en;
			hasScannedForEncodings = 0;
			knownRegions = (
				en,
				Base,
			);
			mainGroup = E5B161A32A87EFFB00BF3C93;
			productRefGroup = E5B161AD2A87EFFB00BF3C93 /* Products */;
			projectDirPath = "";
			projectRoot = "";
			targets = (
				E5B161AB2A87EFFB00BF3C93 /* 30Projects */,
			);
		};
/* End PBXProject section */

/* Begin PBXResourcesBuildPhase section */
		E5B161AA2A87EFFB00BF3C93 /* Resources */ = {
			isa = PBXResourcesBuildPhase;
			buildActionMask = 2147483647;
			files = (
				E5B161B72A87EFFE00BF3C93 /* Preview Assets.xcassets in Resources */,
				E5B161B42A87EFFE00BF3C93 /* Assets.xcassets in Resources */,
			);
			runOnlyForDeploymentPostprocessing = 0;
		};
/* End PBXResourcesBuildPhase section */

/* Begin PBXSourcesBuildPhase section */
		E5B161A82A87EFFB00BF3C93 /* Sources */ = {
			isa = PBXSourcesBuildPhase;
			buildActionMask = 2147483647;
			files = (
				E5B161C72A87F01100BF3C93 /* Course.swift in Sources */,
				E5B161C92A87F01100BF3C93 /* WeatherData.swift in Sources */,
				E5B161B22A87EFFB00BF3C93 /* ContentView.swift in Sources */,
				E5B161CA2A87F01100BF3C93 /* WeatherView.swift in Sources */,
				E5B161C82A87F01100BF3C93 /* SideBar.swift in Sources */,
				E5B161B02A87EFFB00BF3C93 /* _0ProjectsApp.swift in Sources */,
			);
			runOnlyForDeploymentPostprocessing = 0;
		};
/* End PBXSourcesBuildPhase section */

/* Begin XCBuildConfiguration section */
		E5B161B82A87EFFE00BF3C93 /* Debug */ = {
			isa = XCBuildConfiguration;
			buildSettings = {
				ALWAYS_SEARCH_USER_PATHS = NO;
				CLANG_ANALYZER_NONNULL = YES;
				CLANG_ANALYZER_NUMBER_OBJECT_CONVERSION = YES_AGGRESSIVE;
				CLANG_CXX_LANGUAGE_STANDARD = "gnu++20";
				CLANG_ENABLE_MODULES = YES;
				CLANG_ENABLE_OBJC_ARC = YES;
				CLANG_ENABLE_OBJC_WEAK = YES;
				CLANG_WARN_BLOCK_CAPTURE_AUTORELEASING = YES;
				CLANG_WARN_BOOL_CONVERSION = YES;
				CLANG_WARN_COMMA = YES;
				CLANG_WARN_CONSTANT_CONVERSION = YES;
				CLANG_WARN_DEPRECATED_OBJC_IMPLEMENTATIONS = YES;
				CLANG_WARN_DIRECT_OBJC_ISA_USAGE = YES_ERROR;
				CLANG_WARN_DOCUMENTATION_COMMENTS = YES;
				CLANG_WARN_EMPTY_BODY = YES;
				CLANG_WARN_ENUM_CONVERSION = YES;
				CLANG_WARN_INFINITE_RECURSION = YES;
				CLANG_WARN_INT_CONVERSION = YES;
				CLANG_WARN_NON_LITERAL_NULL_CONVERSION = YES;
				CLANG_WARN_OBJC_IMPLICIT_RETAIN_SELF = YES;
				CLANG_WARN_OBJC_LITERAL_CONVERSION = YES;
				CLANG_WARN_OBJC_ROOT_CLASS = YES_ERROR;
				CLANG_WARN_QUOTED_INCLUDE_IN_FRAMEWORK_HEADER = YES;
				CLANG_WARN_RANGE_LOOP_ANALYSIS = YES;
				CLANG_WARN_STRICT_PROTOTYPES = YES;
				CLANG_WARN_SUSPICIOUS_MOVE = YES;
				CLANG_WARN_UNGUARDED_AVAILABILITY = YES_AGGRESSIVE;
				CLANG_WARN_UNREACHABLE_CODE = YES;
				CLANG_WARN__DUPLICATE_METHOD_MATCH = YES;
				COPY_PHASE_STRIP = NO;
				DEBUG_INFORMATION_FORMAT = dwarf;
				ENABLE_STRICT_OBJC_MSGSEND = YES;
				ENABLE_TESTABILITY = YES;
				GCC_C_LANGUAGE_STANDARD = gnu11;
				GCC_DYNAMIC_NO_PIC = NO;
				GCC_NO_COMMON_BLOCKS = YES;
				GCC_OPTIMIZATION_LEVEL = 0;
				GCC_PREPROCESSOR_DEFINITIONS = (
					"DEBUG=1",
					"$(inherited)",
				);
				GCC_WARN_64_TO_32_BIT_CONVERSION = YES;
				GCC_WARN_ABOUT_RETURN_TYPE = YES_ERROR;
				GCC_WARN_UNDECLARED_SELECTOR = YES;
				GCC_WARN_UNINITIALIZED_AUTOS = YES_AGGRESSIVE;
				GCC_WARN_UNUSED_FUNCTION = YES;
				GCC_WARN_UNUSED_VARIABLE = YES;
				IPHONEOS_DEPLOYMENT_TARGET = 16.4;
				MTL_ENABLE_DEBUG_INFO = INCLUDE_SOURCE;
				MTL_FAST_MATH = YES;
				ONLY_ACTIVE_ARCH = YES;
				SDKROOT = iphoneos;
				SWIFT_ACTIVE_COMPILATION_CONDITIONS = DEBUG;
				SWIFT_OPTIMIZATION_LEVEL = "-Onone";
			};
			name = Debug;
		};
		E5B161B92A87EFFE00BF3C93 /* Release */ = {
			isa = XCBuildConfiguration;
			buildSettings = {
				ALWAYS_SEARCH_USER_PATHS = NO;
				CLANG_ANALYZER_NONNULL = YES;
				CLANG_ANALYZER_NUMBER_OBJECT_CONVERSION = YES_AGGRESSIVE;
				CLANG_CXX_LANGUAGE_STANDARD = "gnu++20";
				CLANG_ENABLE_MODULES = YES;
				CLANG_ENABLE_OBJC_ARC = YES;
				CLANG_ENABLE_OBJC_WEAK = YES;
				CLANG_WARN_BLOCK_CAPTURE_AUTORELEASING = YES;
				CLANG_WARN_BOOL_CONVERSION = YES;
				CLANG_WARN_COMMA = YES;
				CLANG_WARN_CONSTANT_CONVERSION = YES;
				CLANG_WARN_DEPRECATED_OBJC_IMPLEMENTATIONS = YES;
				CLANG_WARN_DIRECT_OBJC_ISA_USAGE = YES_ERROR;
				CLANG_WARN_DOCUMENTATION_COMMENTS = YES;
				CLANG_WARN_EMPTY_BODY = YES;
				CLANG_WARN_ENUM_CONVERSION = YES;
				CLANG_WARN_INFINITE_RECURSION = YES;
				CLANG_WARN_INT_CONVERSION = YES;
				CLANG_WARN_NON_LITERAL_NULL_CONVERSION = YES;
				CLANG_WARN_OBJC_IMPLICIT_RETAIN_SELF = YES;
				CLANG_WARN_OBJC_LITERAL_CONVERSION = YES;
				CLANG_WARN_OBJC_ROOT_CLASS = YES_ERROR;
				CLANG_WARN_QUOTED_INCLUDE_IN_FRAMEWORK_HEADER = YES;
				CLANG_WARN_RANGE_LOOP_ANALYSIS = YES;
				CLANG_WARN_STRICT_PROTOTYPES = YES;
				CLANG_WARN_SUSPICIOUS_MOVE = YES;
				CLANG_WARN_UNGUARDED_AVAILABILITY = YES_AGGRESSIVE;
				CLANG_WARN_UNREACHABLE_CODE = YES;
				CLANG_WARN__DUPLICATE_METHOD_MATCH = YES;
				COPY_PHASE_STRIP = NO;
				DEBUG_INFORMATION_FORMAT = "dwarf-with-dsym";
				ENABLE_NS_ASSERTIONS = NO;
				ENABLE_STRICT_OBJC_MSGSEND = YES;
				GCC_C_LANGUAGE_STANDARD = gnu11;
				GCC_NO_COMMON_BLOCKS = YES;
				GCC_WARN_64_TO_32_BIT_CONVERSION = YES;
				GCC_WARN_ABOUT_RETURN_TYPE = YES_ERROR;
				GCC_WARN_UNDECLARED_SELECTOR = YES;
				GCC_WARN_UNINITIALIZED_AUTOS = YES_AGGRESSIVE;
				GCC_WARN_UNUSED_FUNCTION = YES;
				GCC_WARN_UNUSED_VARIABLE = YES;
				IPHONEOS_DEPLOYMENT_TARGET = 16.4;
				MTL_ENABLE_DEBUG_INFO = NO;
				MTL_FAST_MATH = YES;
				SDKROOT = iphoneos;
				SWIFT_COMPILATION_MODE = wholemodule;
				SWIFT_OPTIMIZATION_LEVEL = "-O";
				VALIDATE_PRODUCT = YES;
			};
			name = Release;
		};
		E5B161BB2A87EFFE00BF3C93 /* Debug */ = {
			isa = XCBuildConfiguration;
			buildSettings = {
				ASSETCATALOG_COMPILER_APPICON_NAME = AppIcon;
				ASSETCATALOG_COMPILER_GLOBAL_ACCENT_COLOR_NAME = AccentColor;
				CODE_SIGN_STYLE = Automatic;
				CURRENT_PROJECT_VERSION = 1;
				DEVELOPMENT_ASSET_PATHS = "\"30Projects/Preview Content\"";
				DEVELOPMENT_TEAM = 2XYGSQSC8C;
				ENABLE_PREVIEWS = YES;
				GENERATE_INFOPLIST_FILE = YES;
				INFOPLIST_FILE = "-0Projects-Info.plist";
				INFOPLIST_KEY_NSLocationAlwaysUsageDescription = "We need your location to provide current Weather information.";
				INFOPLIST_KEY_NSLocationWhenInUseUsageDescription = "We need your location to provide current Weather information.";
				INFOPLIST_KEY_UIApplicationSceneManifest_Generation = YES;
				INFOPLIST_KEY_UIApplicationSupportsIndirectInputEvents = YES;
				INFOPLIST_KEY_UILaunchScreen_Generation = YES;
				INFOPLIST_KEY_UISupportedInterfaceOrientations_iPad = "UIInterfaceOrientationPortrait UIInterfaceOrientationPortraitUpsideDown UIInterfaceOrientationLandscapeLeft UIInterfaceOrientationLandscapeRight";
				INFOPLIST_KEY_UISupportedInterfaceOrientations_iPhone = "UIInterfaceOrientationPortrait UIInterfaceOrientationLandscapeLeft UIInterfaceOrientationLandscapeRight";
				LD_RUNPATH_SEARCH_PATHS = (
					"$(inherited)",
					"@executable_path/Frameworks",
				);
				MARKETING_VERSION = 1.0;
				PRODUCT_BUNDLE_IDENTIFIER = "io.CodeLab.-0Projects";
				PRODUCT_NAME = "$(TARGET_NAME)";
				SWIFT_EMIT_LOC_STRINGS = YES;
				SWIFT_VERSION = 5.0;
				TARGETED_DEVICE_FAMILY = "1,2";
			};
			name = Debug;
		};
		E5B161BC2A87EFFE00BF3C93 /* Release */ = {
			isa = XCBuildConfiguration;
			buildSettings = {
				ASSETCATALOG_COMPILER_APPICON_NAME = AppIcon;
				ASSETCATALOG_COMPILER_GLOBAL_ACCENT_COLOR_NAME = AccentColor;
				CODE_SIGN_STYLE = Automatic;
				CURRENT_PROJECT_VERSION = 1;
				DEVELOPMENT_ASSET_PATHS = "\"30Projects/Preview Content\"";
				DEVELOPMENT_TEAM = 2XYGSQSC8C;
				ENABLE_PREVIEWS = YES;
				GENERATE_INFOPLIST_FILE = YES;
				INFOPLIST_FILE = "-0Projects-Info.plist";
				INFOPLIST_KEY_NSLocationAlwaysUsageDescription = "We need your location to provide current Weather information.";
				INFOPLIST_KEY_NSLocationWhenInUseUsageDescription = "We need your location to provide current Weather information.";
				INFOPLIST_KEY_UIApplicationSceneManifest_Generation = YES;
				INFOPLIST_KEY_UIApplicationSupportsIndirectInputEvents = YES;
				INFOPLIST_KEY_UILaunchScreen_Generation = YES;
				INFOPLIST_KEY_UISupportedInterfaceOrientations_iPad = "UIInterfaceOrientationPortrait UIInterfaceOrientationPortraitUpsideDown UIInterfaceOrientationLandscapeLeft UIInterfaceOrientationLandscapeRight";
				INFOPLIST_KEY_UISupportedInterfaceOrientations_iPhone = "UIInterfaceOrientationPortrait UIInterfaceOrientationLandscapeLeft UIInterfaceOrientationLandscapeRight";
				LD_RUNPATH_SEARCH_PATHS = (
					"$(inherited)",
					"@executable_path/Frameworks",
				);
				MARKETING_VERSION = 1.0;
				PRODUCT_BUNDLE_IDENTIFIER = "io.CodeLab.-0Projects";
				PRODUCT_NAME = "$(TARGET_NAME)";
				SWIFT_EMIT_LOC_STRINGS = YES;
				SWIFT_VERSION = 5.0;
				TARGETED_DEVICE_FAMILY = "1,2";
			};
			name = Release;
		};
/* End XCBuildConfiguration section */

/* Begin XCConfigurationList section */
		E5B161A72A87EFFB00BF3C93 /* Build configuration list for PBXProject "30Projects" */ = {
			isa = XCConfigurationList;
			buildConfigurations = (
				E5B161B82A87EFFE00BF3C93 /* Debug */,
				E5B161B92A87EFFE00BF3C93 /* Release */,
			);
			defaultConfigurationIsVisible = 0;
			defaultConfigurationName = Release;
		};
		E5B161BA2A87EFFE00BF3C93 /* Build configuration list for PBXNativeTarget "30Projects" */ = {
			isa = XCConfigurationList;
			buildConfigurations = (
				E5B161BB2A87EFFE00BF3C93 /* Debug */,
				E5B161BC2A87EFFE00BF3C93 /* Release */,
			);
			defaultConfigurationIsVisible = 0;
			defaultConfigurationName = Release;
		};
/* End XCConfigurationList section */
	};
	rootObject = E5B161A42A87EFFB00BF3C93 /* Project object */;
}
